
Microsoft Visual Studio Solution File, Format Version 12.00
# Visual Studio Version 16
VisualStudioVersion = 16.0.30011.22
MinimumVisualStudioVersion = 10.0.40219.1
Project("{FAE04EC0-301F-11D3-BF4B-00C04F79EFBC}") = "QUANLYHOCSINH", "QUANLYHOCSINH\QUANLYHOCSINH.csproj", "{592606F1-CB96-41D6-9DFA-9B96BE77F336}"
EndProject
Global
	GlobalSection(SolutionConfigurationPlatforms) = preSolution
		Debug|Any CPU = Debug|Any CPU
		Release|Any CPU = Release|Any CPU
	EndGlobalSection
	GlobalSection(ProjectConfigurationPlatforms) = postSolution
		{592606F1-CB96-41D6-9DFA-9B96BE77F336}.Debug|Any CPU.ActiveCfg = Debug|Any CPU
		{592606F1-CB96-41D6-9DFA-9B96BE77F336}.Debug|Any CPU.Build.0 = Debug|Any CPU
		{592606F1-CB96-41D6-9DFA-9B96BE77F336}.Release|Any CPU.ActiveCfg = Release|Any CPU
		{592606F1-CB96-41D6-9DFA-9B96BE77F336}.Release|Any CPU.Build.0 = Release|Any CPU
	EndGlobalSection
	GlobalSection(SolutionProperties) = preSolution
		HideSolutionNode = FALSE
	EndGlobalSection
	GlobalSection(ExtensibilityGlobals) = postSolution
		SolutionGuid = {5FB976F4-0A8B-49A3-B2D3-CC7BEFE053CA}
	EndGlobalSection
EndGlobal
